
Microsoft Visual Studio Solution File, Format Version 12.00
# Visual Studio Version 16
VisualStudioVersion = 16.0.31729.503
MinimumVisualStudioVersion = 10.0.40219.1
Project("{FAE04EC0-301F-11D3-BF4B-00C04F79EFBC}") = "DiskInventory", "DiskInventory\DiskInventory.csproj", "{12BB489A-7BC1-4094-8B27-4C396B43B3A3}"
EndProject
Global
	GlobalSection(SolutionConfigurationPlatforms) = preSolution
		Debug|Any CPU = Debug|Any CPU
		Release|Any CPU = Release|Any CPU
	EndGlobalSection
	GlobalSection(ProjectConfigurationPlatforms) = postSolution
		{12BB489A-7BC1-4094-8B27-4C396B43B3A3}.Debug|Any CPU.ActiveCfg = Debug|Any CPU
		{12BB489A-7BC1-4094-8B27-4C396B43B3A3}.Debug|Any CPU.Build.0 = Debug|Any CPU
		{12BB489A-7BC1-4094-8B27-4C396B43B3A3}.Release|Any CPU.ActiveCfg = Release|Any CPU
		{12BB489A-7BC1-4094-8B27-4C396B43B3A3}.Release|Any CPU.Build.0 = Release|Any CPU
	EndGlobalSection
	GlobalSection(SolutionProperties) = preSolution
		HideSolutionNode = FALSE
	EndGlobalSection
	GlobalSection(ExtensibilityGlobals) = postSolution
		SolutionGuid = {3EB7ACB6-51D1-45F0-876B-66C4365121DD}
	EndGlobalSection
EndGlobal
